
Microsoft Visual Studio Solution File, Format Version 12.00
# Visual Studio Version 16
VisualStudioVersion = 16.0.30225.117
MinimumVisualStudioVersion = 10.0.40219.1
Project("{FAE04EC0-301F-11D3-BF4B-00C04F79EFBC}") = "ServiceCodeSupport.Architecture", "src\ServiceCodeSupport.Architecture\ServiceCodeSupport.Architecture.csproj", "{879FE84E-BB8B-4798-A736-145DBEC093B7}"
EndProject
Project("{FAE04EC0-301F-11D3-BF4B-00C04F79EFBC}") = "ServiceCodeSupport.Core", "src\ServiceCodeSupport.Core\ServiceCodeSupport.Core.csproj", "{D84A9D45-D293-4323-A29D-12290C385485}"
EndProject
Project("{FAE04EC0-301F-11D3-BF4B-00C04F79EFBC}") = "ServiceCodeSupport.Core.Test", "tests\ServiceCodeSupport.Core.Test\ServiceCodeSupport.Core.Test.csproj", "{3132D84F-0E0C-4C22-92EB-40F018F209AD}"
EndProject
Project("{FAE04EC0-301F-11D3-BF4B-00C04F79EFBC}") = "ServiceCodeSupport.DemoConsole", "tests\ServiceCodeSupport.DemoConsole\ServiceCodeSupport.DemoConsole.csproj", "{3BFAD0CE-3CA9-403C-9DBE-7A859051F973}"
EndProject
Global
	GlobalSection(SolutionConfigurationPlatforms) = preSolution
		Debug|Any CPU = Debug|Any CPU
		Release|Any CPU = Release|Any CPU
	EndGlobalSection
	GlobalSection(ProjectConfigurationPlatforms) = postSolution
		{879FE84E-BB8B-4798-A736-145DBEC093B7}.Debug|Any CPU.ActiveCfg = Debug|Any CPU
		{879FE84E-BB8B-4798-A736-145DBEC093B7}.Debug|Any CPU.Build.0 = Debug|Any CPU
		{879FE84E-BB8B-4798-A736-145DBEC093B7}.Release|Any CPU.ActiveCfg = Release|Any CPU
		{879FE84E-BB8B-4798-A736-145DBEC093B7}.Release|Any CPU.Build.0 = Release|Any CPU
		{D84A9D45-D293-4323-A29D-12290C385485}.Debug|Any CPU.ActiveCfg = Debug|Any CPU
		{D84A9D45-D293-4323-A29D-12290C385485}.Debug|Any CPU.Build.0 = Debug|Any CPU
		{D84A9D45-D293-4323-A29D-12290C385485}.Release|Any CPU.ActiveCfg = Release|Any CPU
		{D84A9D45-D293-4323-A29D-12290C385485}.Release|Any CPU.Build.0 = Release|Any CPU
		{3132D84F-0E0C-4C22-92EB-40F018F209AD}.Debug|Any CPU.ActiveCfg = Debug|Any CPU
		{3132D84F-0E0C-4C22-92EB-40F018F209AD}.Debug|Any CPU.Build.0 = Debug|Any CPU
		{3132D84F-0E0C-4C22-92EB-40F018F209AD}.Release|Any CPU.ActiveCfg = Release|Any CPU
		{3132D84F-0E0C-4C22-92EB-40F018F209AD}.Release|Any CPU.Build.0 = Release|Any CPU
		{3BFAD0CE-3CA9-403C-9DBE-7A859051F973}.Debug|Any CPU.ActiveCfg = Debug|Any CPU
		{3BFAD0CE-3CA9-403C-9DBE-7A859051F973}.Debug|Any CPU.Build.0 = Debug|Any CPU
		{3BFAD0CE-3CA9-403C-9DBE-7A859051F973}.Release|Any CPU.ActiveCfg = Release|Any CPU
		{3BFAD0CE-3CA9-403C-9DBE-7A859051F973}.Release|Any CPU.Build.0 = Release|Any CPU
	EndGlobalSection
	GlobalSection(SolutionProperties) = preSolution
		HideSolutionNode = FALSE
	EndGlobalSection
	GlobalSection(ExtensibilityGlobals) = postSolution
		SolutionGuid = {36C7BB79-9E5A-43D0-B6A4-6D5A3DB59E90}
	EndGlobalSection
EndGlobal
